
Microsoft Visual Studio Solution File, Format Version 12.00
# Visual Studio Version 17
VisualStudioVersion = 17.1.32328.378
MinimumVisualStudioVersion = 10.0.40219.1
Project("{8BC9CEB8-8B4A-11D0-8D11-00A0C91BC942}") = "inheritance1", "inheritance1\inheritance1.vcxproj", "{FCE7A323-2BE2-4F7D-824D-0C6BBE60D719}"
EndProject
Project("{8BC9CEB8-8B4A-11D0-8D11-00A0C91BC942}") = "Academy", "Academy\Academy.vcxproj", "{5BEF1D0D-4DEE-4C73-A104-DD7421432D2A}"
EndProject
Project("{8BC9CEB8-8B4A-11D0-8D11-00A0C91BC942}") = "files", "files\files.vcxproj", "{1F1D289E-3E56-4BE0-9DC3-1413D9CD8AC0}"
EndProject
Project("{8BC9CEB8-8B4A-11D0-8D11-00A0C91BC942}") = "walter_v_file", "walter_v_file\walter_v_file.vcxproj", "{A0055AF4-D8BA-401F-9DC3-00C086A5D654}"
EndProject
Project("{8BC9CEB8-8B4A-11D0-8D11-00A0C91BC942}") = "WALTER OLEGS VERSION", "WALTER OLEGS VERSION\WALTER OLEGS VERSION.vcxproj", "{EBB894EF-93E4-4958-8FF4-676930382D41}"
EndProject
Project("{8BC9CEB8-8B4A-11D0-8D11-00A0C91BC942}") = "RAW201", "RAW201\RAW201.vcxproj", "{6B5A3280-5E59-4F97-93AC-49C395B4132B}"
EndProject
Project("{8BC9CEB8-8B4A-11D0-8D11-00A0C91BC942}") = "network", "network\network.vcxproj", "{9C99E080-C8BB-4C5F-A0C7-DC258CE5B771}"
EndProject
Project("{8BC9CEB8-8B4A-11D0-8D11-00A0C91BC942}") = "AbstractBaseClass", "AbstractBaseClass\AbstractBaseClass.vcxproj", "{6C0CF0E4-B6F1-42F9-B45B-058F990C2640}"
EndProject
Project("{8BC9CEB8-8B4A-11D0-8D11-00A0C91BC942}") = "AbstractGeometry", "AbstractGeometry\AbstractGeometry.vcxproj", "{166E95E1-9B94-426B-AC99-A57ADF5846AF}"
EndProject
Global
	GlobalSection(SolutionConfigurationPlatforms) = preSolution
		Debug|x64 = Debug|x64
		Debug|x86 = Debug|x86
		Release|x64 = Release|x64
		Release|x86 = Release|x86
	EndGlobalSection
	GlobalSection(ProjectConfigurationPlatforms) = postSolution
		{FCE7A323-2BE2-4F7D-824D-0C6BBE60D719}.Debug|x64.ActiveCfg = Debug|x64
		{FCE7A323-2BE2-4F7D-824D-0C6BBE60D719}.Debug|x64.Build.0 = Debug|x64
		{FCE7A323-2BE2-4F7D-824D-0C6BBE60D719}.Debug|x86.ActiveCfg = Debug|Win32
		{FCE7A323-2BE2-4F7D-824D-0C6BBE60D719}.Debug|x86.Build.0 = Debug|Win32
		{FCE7A323-2BE2-4F7D-824D-0C6BBE60D719}.Release|x64.ActiveCfg = Release|x64
		{FCE7A323-2BE2-4F7D-824D-0C6BBE60D719}.Release|x64.Build.0 = Release|x64
		{FCE7A323-2BE2-4F7D-824D-0C6BBE60D719}.Release|x86.ActiveCfg = Release|Win32
		{FCE7A323-2BE2-4F7D-824D-0C6BBE60D719}.Release|x86.Build.0 = Release|Win32
		{5BEF1D0D-4DEE-4C73-A104-DD7421432D2A}.Debug|x64.ActiveCfg = Debug|x64
		{5BEF1D0D-4DEE-4C73-A104-DD7421432D2A}.Debug|x64.Build.0 = Debug|x64
		{5BEF1D0D-4DEE-4C73-A104-DD7421432D2A}.Debug|x86.ActiveCfg = Debug|Win32
		{5BEF1D0D-4DEE-4C73-A104-DD7421432D2A}.Debug|x86.Build.0 = Debug|Win32
		{5BEF1D0D-4DEE-4C73-A104-DD7421432D2A}.Release|x64.ActiveCfg = Release|x64
		{5BEF1D0D-4DEE-4C73-A104-DD7421432D2A}.Release|x64.Build.0 = Release|x64
		{5BEF1D0D-4DEE-4C73-A104-DD7421432D2A}.Release|x86.ActiveCfg = Release|Win32
		{5BEF1D0D-4DEE-4C73-A104-DD7421432D2A}.Release|x86.Build.0 = Release|Win32
		{1F1D289E-3E56-4BE0-9DC3-1413D9CD8AC0}.Debug|x64.ActiveCfg = Debug|x64
		{1F1D289E-3E56-4BE0-9DC3-1413D9CD8AC0}.Debug|x64.Build.0 = Debug|x64
		{1F1D289E-3E56-4BE0-9DC3-1413D9CD8AC0}.Debug|x86.ActiveCfg = Debug|Win32
		{1F1D289E-3E56-4BE0-9DC3-1413D9CD8AC0}.Debug|x86.Build.0 = Debug|Win32
		{1F1D289E-3E56-4BE0-9DC3-1413D9CD8AC0}.Release|x64.ActiveCfg = Release|x64
		{1F1D289E-3E56-4BE0-9DC3-1413D9CD8AC0}.Release|x64.Build.0 = Release|x64
		{1F1D289E-3E56-4BE0-9DC3-1413D9CD8AC0}.Release|x86.ActiveCfg = Release|Win32
		{1F1D289E-3E56-4BE0-9DC3-1413D9CD8AC0}.Release|x86.Build.0 = Release|Win32
		{A0055AF4-D8BA-401F-9DC3-00C086A5D654}.Debug|x64.ActiveCfg = Debug|x64
		{A0055AF4-D8BA-401F-9DC3-00C086A5D654}.Debug|x64.Build.0 = Debug|x64
		{A0055AF4-D8BA-401F-9DC3-00C086A5D654}.Debug|x86.ActiveCfg = Debug|Win32
		{A0055AF4-D8BA-401F-9DC3-00C086A5D654}.Debug|x86.Build.0 = Debug|Win32
		{A0055AF4-D8BA-401F-9DC3-00C086A5D654}.Release|x64.ActiveCfg = Release|x64
		{A0055AF4-D8BA-401F-9DC3-00C086A5D654}.Release|x64.Build.0 = Release|x64
		{A0055AF4-D8BA-401F-9DC3-00C086A5D654}.Release|x86.ActiveCfg = Release|Win32
		{A0055AF4-D8BA-401F-9DC3-00C086A5D654}.Release|x86.Build.0 = Release|Win32
		{EBB894EF-93E4-4958-8FF4-676930382D41}.Debug|x64.ActiveCfg = Debug|x64
		{EBB894EF-93E4-4958-8FF4-676930382D41}.Debug|x64.Build.0 = Debug|x64
		{EBB894EF-93E4-4958-8FF4-676930382D41}.Debug|x86.ActiveCfg = Debug|Win32
		{EBB894EF-93E4-4958-8FF4-676930382D41}.Debug|x86.Build.0 = Debug|Win32
		{EBB894EF-93E4-4958-8FF4-676930382D41}.Release|x64.ActiveCfg = Release|x64
		{EBB894EF-93E4-4958-8FF4-676930382D41}.Release|x64.Build.0 = Release|x64
		{EBB894EF-93E4-4958-8FF4-676930382D41}.Release|x86.ActiveCfg = Release|Win32
		{EBB894EF-93E4-4958-8FF4-676930382D41}.Release|x86.Build.0 = Release|Win32
		{6B5A3280-5E59-4F97-93AC-49C395B4132B}.Debug|x64.ActiveCfg = Debug|x64
		{6B5A3280-5E59-4F97-93AC-49C395B4132B}.Debug|x64.Build.0 = Debug|x64
		{6B5A3280-5E59-4F97-93AC-49C395B4132B}.Debug|x86.ActiveCfg = Debug|Win32
		{6B5A3280-5E59-4F97-93AC-49C395B4132B}.Debug|x86.Build.0 = Debug|Win32
		{6B5A3280-5E59-4F97-93AC-49C395B4132B}.Release|x64.ActiveCfg = Release|x64
		{6B5A3280-5E59-4F97-93AC-49C395B4132B}.Release|x64.Build.0 = Release|x64
		{6B5A3280-5E59-4F97-93AC-49C395B4132B}.Release|x86.ActiveCfg = Release|Win32
		{6B5A3280-5E59-4F97-93AC-49C395B4132B}.Release|x86.Build.0 = Release|Win32
		{9C99E080-C8BB-4C5F-A0C7-DC258CE5B771}.Debug|x64.ActiveCfg = Debug|x64
		{9C99E080-C8BB-4C5F-A0C7-DC258CE5B771}.Debug|x64.Build.0 = Debug|x64
		{9C99E080-C8BB-4C5F-A0C7-DC258CE5B771}.Debug|x86.ActiveCfg = Debug|Win32
		{9C99E080-C8BB-4C5F-A0C7-DC258CE5B771}.Debug|x86.Build.0 = Debug|Win32
		{9C99E080-C8BB-4C5F-A0C7-DC258CE5B771}.Release|x64.ActiveCfg = Release|x64
		{9C99E080-C8BB-4C5F-A0C7-DC258CE5B771}.Release|x64.Build.0 = Release|x64
		{9C99E080-C8BB-4C5F-A0C7-DC258CE5B771}.Release|x86.ActiveCfg = Release|Win32
		{9C99E080-C8BB-4C5F-A0C7-DC258CE5B771}.Release|x86.Build.0 = Release|Win32
		{6C0CF0E4-B6F1-42F9-B45B-058F990C2640}.Debug|x64.ActiveCfg = Debug|x64
		{6C0CF0E4-B6F1-42F9-B45B-058F990C2640}.Debug|x64.Build.0 = Debug|x64
		{6C0CF0E4-B6F1-42F9-B45B-058F990C2640}.Debug|x86.ActiveCfg = Debug|Win32
		{6C0CF0E4-B6F1-42F9-B45B-058F990C2640}.Debug|x86.Build.0 = Debug|Win32
		{6C0CF0E4-B6F1-42F9-B45B-058F990C2640}.Release|x64.ActiveCfg = Release|x64
		{6C0CF0E4-B6F1-42F9-B45B-058F990C2640}.Release|x64.Build.0 = Release|x64
		{6C0CF0E4-B6F1-42F9-B45B-058F990C2640}.Release|x86.ActiveCfg = Release|Win32
		{6C0CF0E4-B6F1-42F9-B45B-058F990C2640}.Release|x86.Build.0 = Release|Win32
		{166E95E1-9B94-426B-AC99-A57ADF5846AF}.Debug|x64.ActiveCfg = Debug|x64
		{166E95E1-9B94-426B-AC99-A57ADF5846AF}.Debug|x64.Build.0 = Debug|x64
		{166E95E1-9B94-426B-AC99-A57ADF5846AF}.Debug|x86.ActiveCfg = Debug|Win32
		{166E95E1-9B94-426B-AC99-A57ADF5846AF}.Debug|x86.Build.0 = Debug|Win32
		{166E95E1-9B94-426B-AC99-A57ADF5846AF}.Release|x64.ActiveCfg = Release|x64
		{166E95E1-9B94-426B-AC99-A57ADF5846AF}.Release|x64.Build.0 = Release|x64
		{166E95E1-9B94-426B-AC99-A57ADF5846AF}.Release|x86.ActiveCfg = Release|Win32
		{166E95E1-9B94-426B-AC99-A57ADF5846AF}.Release|x86.Build.0 = Release|Win32
	EndGlobalSection
	GlobalSection(SolutionProperties) = preSolution
		HideSolutionNode = FALSE
	EndGlobalSection
	GlobalSection(ExtensibilityGlobals) = postSolution
		SolutionGuid = {3F15B3C3-C917-414B-AF98-9CD83CAA9C8A}
	EndGlobalSection
EndGlobal
